
Microsoft Visual Studio Solution File, Format Version 12.00
# Visual Studio 15
VisualStudioVersion = 15.0.28010.2046
MinimumVisualStudioVersion = 10.0.40219.1
Project("{FAE04EC0-301F-11D3-BF4B-00C04F79EFBC}") = "Bangazon", "Bangazon\Bangazon.csproj", "{45120F58-16CF-4A76-8FE1-7CF0DBE1AA7E}"
EndProject
Global
	GlobalSection(SolutionConfigurationPlatforms) = preSolution
		Debug|Any CPU = Debug|Any CPU
		Release|Any CPU = Release|Any CPU
	EndGlobalSection
	GlobalSection(ProjectConfigurationPlatforms) = postSolution
		{45120F58-16CF-4A76-8FE1-7CF0DBE1AA7E}.Debug|Any CPU.ActiveCfg = Debug|Any CPU
		{45120F58-16CF-4A76-8FE1-7CF0DBE1AA7E}.Debug|Any CPU.Build.0 = Debug|Any CPU
		{45120F58-16CF-4A76-8FE1-7CF0DBE1AA7E}.Release|Any CPU.ActiveCfg = Release|Any CPU
		{45120F58-16CF-4A76-8FE1-7CF0DBE1AA7E}.Release|Any CPU.Build.0 = Release|Any CPU
	EndGlobalSection
	GlobalSection(SolutionProperties) = preSolution
		HideSolutionNode = FALSE
	EndGlobalSection
	GlobalSection(ExtensibilityGlobals) = postSolution
		SolutionGuid = {04EACC0E-D62B-44A2-8448-79F507A3253B}
	EndGlobalSection
EndGlobal
